
Microsoft Visual Studio Solution File, Format Version 12.00
# Visual Studio Version 17
VisualStudioVersion = 17.3.32825.248
MinimumVisualStudioVersion = 10.0.40219.1
Project("{FAE04EC0-301F-11D3-BF4B-00C04F79EFBC}") = "WindowsForms_TARpv21", "WindowsForms_TARpv21\WindowsForms_TARpv21.csproj", "{3A06E7E8-BCBC-431F-8E1C-4B9B42F05548}"
EndProject
Global
	GlobalSection(SolutionConfigurationPlatforms) = preSolution
		Debug|Any CPU = Debug|Any CPU
		Release|Any CPU = Release|Any CPU
	EndGlobalSection
	GlobalSection(ProjectConfigurationPlatforms) = postSolution
		{3A06E7E8-BCBC-431F-8E1C-4B9B42F05548}.Debug|Any CPU.ActiveCfg = Debug|Any CPU
		{3A06E7E8-BCBC-431F-8E1C-4B9B42F05548}.Debug|Any CPU.Build.0 = Debug|Any CPU
		{3A06E7E8-BCBC-431F-8E1C-4B9B42F05548}.Release|Any CPU.ActiveCfg = Release|Any CPU
		{3A06E7E8-BCBC-431F-8E1C-4B9B42F05548}.Release|Any CPU.Build.0 = Release|Any CPU
	EndGlobalSection
	GlobalSection(SolutionProperties) = preSolution
		HideSolutionNode = FALSE
	EndGlobalSection
	GlobalSection(ExtensibilityGlobals) = postSolution
		SolutionGuid = {CC787513-7361-4BE7-A2FA-ED76F16B903E}
	EndGlobalSection
EndGlobal
